{
  "name": "ng2-adsk-forge-viewer",
  "version": "1.1.3",
  "lockfileVersion": 1,
  "requires": true,
  "dependencies": {
    "@types/forge-viewer": {
      "version": "7.0.0",
      "resolved": "https://registry.npmjs.org/@types/forge-viewer/-/forge-viewer-7.0.0.tgz",
      "integrity": "sha512-zzEOM+wdAL3D2Y7nunnkb/2Umr/D3sueeEyDLe18pOlpHGcdRIJjTCFYwbJP+J+48OZKK2z8WUCvR0luKyTBPg==",
      "requires": {
        "@types/three": "^0.93.30"
      }
    },
    "@types/three": {
      "version": "0.93.31",
      "resolved": "https://registry.npmjs.org/@types/three/-/three-0.93.31.tgz",
      "integrity": "sha512-lR9eLY3gnrUDAdW4ujITgVTPEv1Oy2yoL3LlfKAnjQuzyjGSR+PvQuXuWmaDCD1IyWhkqbnol1nJwaW0MGe35A=="
    }
  }
}
